
Microsoft Visual Studio Solution File, Format Version 12.00
# Visual Studio Version 16
VisualStudioVersion = 16.0.32106.194
MinimumVisualStudioVersion = 10.0.40219.1
Project("{9A19103F-16F7-4668-BE54-9A1E7A4F7556}") = "ApiFlockTest", "ApiFlockTest\ApiFlockTest.csproj", "{D6CB8511-A5B3-4CA3-B345-549F296C2174}"
EndProject
Project("{9A19103F-16F7-4668-BE54-9A1E7A4F7556}") = "ApiFlock", "ApiFlock\ApiFlock.csproj", "{3B74680B-700D-4FEC-9763-C742345BDF98}"
EndProject
Global
	GlobalSection(SolutionConfigurationPlatforms) = preSolution
		Debug|Any CPU = Debug|Any CPU
		Release|Any CPU = Release|Any CPU
	EndGlobalSection
	GlobalSection(ProjectConfigurationPlatforms) = postSolution
		{D6CB8511-A5B3-4CA3-B345-549F296C2174}.Debug|Any CPU.ActiveCfg = Debug|Any CPU
		{D6CB8511-A5B3-4CA3-B345-549F296C2174}.Debug|Any CPU.Build.0 = Debug|Any CPU
		{D6CB8511-A5B3-4CA3-B345-549F296C2174}.Release|Any CPU.ActiveCfg = Release|Any CPU
		{D6CB8511-A5B3-4CA3-B345-549F296C2174}.Release|Any CPU.Build.0 = Release|Any CPU
		{3B74680B-700D-4FEC-9763-C742345BDF98}.Debug|Any CPU.ActiveCfg = Debug|Any CPU
		{3B74680B-700D-4FEC-9763-C742345BDF98}.Debug|Any CPU.Build.0 = Debug|Any CPU
		{3B74680B-700D-4FEC-9763-C742345BDF98}.Release|Any CPU.ActiveCfg = Release|Any CPU
		{3B74680B-700D-4FEC-9763-C742345BDF98}.Release|Any CPU.Build.0 = Release|Any CPU
	EndGlobalSection
	GlobalSection(SolutionProperties) = preSolution
		HideSolutionNode = FALSE
	EndGlobalSection
	GlobalSection(ExtensibilityGlobals) = postSolution
		SolutionGuid = {40362D00-A254-4B50-9160-1283DBABF27B}
	EndGlobalSection
EndGlobal
